
Microsoft Visual Studio Solution File, Format Version 12.00
# Visual Studio Version 16
VisualStudioVersion = 16.0.36422.26
MinimumVisualStudioVersion = 10.0.40219.1
Project("{FAE04EC0-301F-11D3-BF4B-00C04F79EFBC}") = "GiuaKy_OnTap_De3", "GiuaKy_OnTap_De3\GiuaKy_OnTap_De3.csproj", "{6DDD686B-2BF5-48E0-8BE7-2E5B70C41E7B}"
EndProject
Global
	GlobalSection(SolutionConfigurationPlatforms) = preSolution
		Debug|Any CPU = Debug|Any CPU
		Release|Any CPU = Release|Any CPU
	EndGlobalSection
	GlobalSection(ProjectConfigurationPlatforms) = postSolution
		{6DDD686B-2BF5-48E0-8BE7-2E5B70C41E7B}.Debug|Any CPU.ActiveCfg = Debug|Any CPU
		{6DDD686B-2BF5-48E0-8BE7-2E5B70C41E7B}.Debug|Any CPU.Build.0 = Debug|Any CPU
		{6DDD686B-2BF5-48E0-8BE7-2E5B70C41E7B}.Release|Any CPU.ActiveCfg = Release|Any CPU
		{6DDD686B-2BF5-48E0-8BE7-2E5B70C41E7B}.Release|Any CPU.Build.0 = Release|Any CPU
	EndGlobalSection
	GlobalSection(SolutionProperties) = preSolution
		HideSolutionNode = FALSE
	EndGlobalSection
	GlobalSection(ExtensibilityGlobals) = postSolution
		SolutionGuid = {8C7F44C8-4BB4-4E92-915E-8AB11D94F993}
	EndGlobalSection
EndGlobal
